{
  "requires": true,
  "lockfileVersion": 1,
  "dependencies": {
    "@types/node": {
      "version": "16.10.9",
      "resolved": "https://registry.npmmirror.com/@types/node/download/@types/node-16.10.9.tgz?cache=0&sync_timestamp=1634161173105&other_urls=https%3A%2F%2Fregistry.npmmirror.com%2F%40types%2Fnode%2Fdownload%2F%40types%2Fnode-16.10.9.tgz",
      "integrity": "sha1-jxzdUXly92o7koKY9MB0fNb+8lo="
    }
  }
}
